{
  "name": "airlock-relay",
  "version": "0.1.3",
  "lockfileVersion": 3,
  "requires": true,
  "packages": {
    "": {
      "name": "airlock-relay",
      "version": "0.1.3",
      "cpu": [
        "arm64"
      ],
      "license": "UNLICENSED",
      "os": [
        "darwin"
      ],
      "bin": {
        "airlock-installer": "bin/airlock.js"
      },
      "engines": {
        "node": ">=20"
      }
    }
  }
}
